// !$*UTF8*$!
{
	archiveVersion = 1;
	classes = {
	};
	objectVersion = 46;
	objects = {

/* Begin PBXBuildFile section */
		463ED27119463B6F00256855 /* DraggableView.swift in Sources */ = {isa = PBXBuildFile; fileRef = 463ED27019463B6F00256855 /* DraggableView.swift */; };
		4656EEF719427C3600D544E2 /* nav_logo@2x.png in Resources */ = {isa = PBXBuildFile; fileRef = 4656EEF419427C3600D544E2 /* nav_logo@2x.png */; };
		4656EEF819427C3600D544E2 /* star@2x.png in Resources */ = {isa = PBXBuildFile; fileRef = 4656EEF519427C3600D544E2 /* star@2x.png */; };
		4656EEFC194281BF00D544E2 /* Futura-Medium.ttf in Resources */ = {isa = PBXBuildFile; fileRef = 4656EEFB1942819F00D544E2 /* Futura-Medium.ttf */; };
		466D34F4194288AD0015CEBF /* Questions.plist in Resources */ = {isa = PBXBuildFile; fileRef = 466D34F3194288AD0015CEBF /* Questions.plist */; };
		46D4F0931942635500D20017 /* AppDelegate.swift in Sources */ = {isa = PBXBuildFile; fileRef = 46D4F0921942635500D20017 /* AppDelegate.swift */; };
		46D4F0951942635500D20017 /* ViewController.swift in Sources */ = {isa = PBXBuildFile; fileRef = 46D4F0941942635500D20017 /* ViewController.swift */; };
		46D4F0981942635500D20017 /* Main.storyboard in Resources */ = {isa = PBXBuildFile; fileRef = 46D4F0961942635500D20017 /* Main.storyboard */; };
		46D4F09A1942635500D20017 /* Images.xcassets in Resources */ = {isa = PBXBuildFile; fileRef = 46D4F0991942635500D20017 /* Images.xcassets */; };
		46D4F0A61942635500D20017 /* ProductTests.swift in Sources */ = {isa = PBXBuildFile; fileRef = 46D4F0A51942635500D20017 /* ProductTests.swift */; };
		46E186FC1943F40600C75240 /* Constants.swift in Sources */ = {isa = PBXBuildFile; fileRef = 46E186FB1943F40600C75240 /* Constants.swift */; };
		46E186FE1943F57100C75240 /* Questions.swift in Sources */ = {isa = PBXBuildFile; fileRef = 46E186FD1943F57100C75240 /* Questions.swift */; };
		46F8B0161943FCED00FB5BE7 /* NavButton.swift in Sources */ = {isa = PBXBuildFile; fileRef = 46F8B0151943FCED00FB5BE7 /* NavButton.swift */; };
/* End PBXBuildFile section */

/* Begin PBXContainerItemProxy section */
		46D4F0A01942635500D20017 /* PBXContainerItemProxy */ = {
			isa = PBXContainerItemProxy;
			containerPortal = 46D4F0851942635500D20017 /* Project object */;
			proxyType = 1;
			remoteGlobalIDString = 46D4F08C1942635500D20017;
			remoteInfo = Product;
		};
/* End PBXContainerItemProxy section */

/* Begin PBXFileReference section */
		463ED27019463B6F00256855 /* DraggableView.swift */ = {isa = PBXFileReference; fileEncoding = 4; lastKnownFileType = sourcecode.swift; path = DraggableView.swift; sourceTree = "<group>"; };
		4656EEF419427C3600D544E2 /* nav_logo@2x.png */ = {isa = PBXFileReference; lastKnownFileType = image.png; path = "nav_logo@2x.png"; sourceTree = "<group>"; };
		4656EEF519427C3600D544E2 /* star@2x.png */ = {isa = PBXFileReference; lastKnownFileType = image.png; path = "star@2x.png"; sourceTree = "<group>"; };
		4656EEFB1942819F00D544E2 /* Futura-Medium.ttf */ = {isa = PBXFileReference; lastKnownFileType = file; path = "Futura-Medium.ttf"; sourceTree = "<group>"; };
		466D34F3194288AD0015CEBF /* Questions.plist */ = {isa = PBXFileReference; fileEncoding = 4; lastKnownFileType = text.plist.xml; path = Questions.plist; sourceTree = "<group>"; };
		46D4F08D1942635500D20017 /* Product.app */ = {isa = PBXFileReference; explicitFileType = wrapper.application; includeInIndex = 0; path = Product.app; sourceTree = BUILT_PRODUCTS_DIR; };
		46D4F0911942635500D20017 /* Info.plist */ = {isa = PBXFileReference; lastKnownFileType = text.plist.xml; path = Info.plist; sourceTree = "<group>"; };
		46D4F0921942635500D20017 /* AppDelegate.swift */ = {isa = PBXFileReference; lastKnownFileType = sourcecode.swift; path = AppDelegate.swift; sourceTree = "<group>"; };
		46D4F0941942635500D20017 /* ViewController.swift */ = {isa = PBXFileReference; lastKnownFileType = sourcecode.swift; path = ViewController.swift; sourceTree = "<group>"; };
		46D4F0971942635500D20017 /* Base */ = {isa = PBXFileReference; lastKnownFileType = file.storyboard; name = Base; path = Base.lproj/Main.storyboard; sourceTree = "<group>"; };
		46D4F0991942635500D20017 /* Images.xcassets */ = {isa = PBXFileReference; lastKnownFileType = folder.assetcatalog; path = Images.xcassets; sourceTree = "<group>"; };
		46D4F09F1942635500D20017 /* ProductTests.xctest */ = {isa = PBXFileReference; explicitFileType = wrapper.cfbundle; includeInIndex = 0; path = ProductTests.xctest; sourceTree = BUILT_PRODUCTS_DIR; };
		46D4F0A41942635500D20017 /* Info.plist */ = {isa = PBXFileReference; lastKnownFileType = text.plist.xml; path = Info.plist; sourceTree = "<group>"; };
		46D4F0A51942635500D20017 /* ProductTests.swift */ = {isa = PBXFileReference; lastKnownFileType = sourcecode.swift; path = ProductTests.swift; sourceTree = "<group>"; };
		46E186F51943A24700C75240 /* Product-Bridging-Header.h */ = {isa = PBXFileReference; lastKnownFileType = sourcecode.c.h; path = "Product-Bridging-Header.h"; sourceTree = "<group>"; };
		46E186FB1943F40600C75240 /* Constants.swift */ = {isa = PBXFileReference; fileEncoding = 4; lastKnownFileType = sourcecode.swift; path = Constants.swift; sourceTree = "<group>"; };
		46E186FD1943F57100C75240 /* Questions.swift */ = {isa = PBXFileReference; fileEncoding = 4; lastKnownFileType = sourcecode.swift; path = Questions.swift; sourceTree = "<group>"; };
		46F8B0151943FCED00FB5BE7 /* NavButton.swift */ = {isa = PBXFileReference; fileEncoding = 4; lastKnownFileType = sourcecode.swift; path = NavButton.swift; sourceTree = "<group>"; };
/* End PBXFileReference section */

/* Begin PBXFrameworksBuildPhase section */
		46D4F08A1942635500D20017 /* Frameworks */ = {
			isa = PBXFrameworksBuildPhase;
			buildActionMask = 2147483647;
			files = (
			);
			runOnlyForDeploymentPostprocessing = 0;
		};
		46D4F09C1942635500D20017 /* Frameworks */ = {
			isa = PBXFrameworksBuildPhase;
			buildActionMask = 2147483647;
			files = (
			);
			runOnlyForDeploymentPostprocessing = 0;
		};
/* End PBXFrameworksBuildPhase section */

/* Begin PBXGroup section */
		463ED26F19463B5E00256855 /* Views */ = {
			isa = PBXGroup;
			children = (
				463ED27019463B6F00256855 /* DraggableView.swift */,
			);
			name = Views;
			sourceTree = "<group>";
		};
		4656EEF019427C3600D544E2 /* Resources */ = {
			isa = PBXGroup;
			children = (
				4656EEF119427C3600D544E2 /* Fonts */,
				4656EEF319427C3600D544E2 /* Images */,
			);
			path = Resources;
			sourceTree = "<group>";
		};
		4656EEF119427C3600D544E2 /* Fonts */ = {
			isa = PBXGroup;
			children = (
				4656EEFB1942819F00D544E2 /* Futura-Medium.ttf */,
			);
			path = Fonts;
			sourceTree = "<group>";
		};
		4656EEF319427C3600D544E2 /* Images */ = {
			isa = PBXGroup;
			children = (
				4656EEF419427C3600D544E2 /* nav_logo@2x.png */,
				4656EEF519427C3600D544E2 /* star@2x.png */,
			);
			path = Images;
			sourceTree = "<group>";
		};
		46D4F0841942635500D20017 = {
			isa = PBXGroup;
			children = (
				46D4F08F1942635500D20017 /* Product */,
				46D4F0A21942635500D20017 /* ProductTests */,
				46D4F08E1942635500D20017 /* Products */,
			);
			sourceTree = "<group>";
		};
		46D4F08E1942635500D20017 /* Products */ = {
			isa = PBXGroup;
			children = (
				46D4F08D1942635500D20017 /* Product.app */,
				46D4F09F1942635500D20017 /* ProductTests.xctest */,
			);
			name = Products;
			sourceTree = "<group>";
		};
		46D4F08F1942635500D20017 /* Product */ = {
			isa = PBXGroup;
			children = (
				463ED26F19463B5E00256855 /* Views */,
				46E186FA1943F3C700C75240 /* Models */,
				46E186F91943F39C00C75240 /* Controllers */,
				46E186F31943A1F100C75240 /* Vendors */,
				46D4F0921942635500D20017 /* AppDelegate.swift */,
				46D4F0961942635500D20017 /* Main.storyboard */,
				46D4F0991942635500D20017 /* Images.xcassets */,
				4656EEF019427C3600D544E2 /* Resources */,
				46D4F0901942635500D20017 /* Supporting Files */,
			);
			path = Product;
			sourceTree = "<group>";
		};
		46D4F0901942635500D20017 /* Supporting Files */ = {
			isa = PBXGroup;
			children = (
				46E186F51943A24700C75240 /* Product-Bridging-Header.h */,
				46D4F0911942635500D20017 /* Info.plist */,
				466D34F3194288AD0015CEBF /* Questions.plist */,
			);
			name = "Supporting Files";
			sourceTree = "<group>";
		};
		46D4F0A21942635500D20017 /* ProductTests */ = {
			isa = PBXGroup;
			children = (
				46D4F0A51942635500D20017 /* ProductTests.swift */,
				46D4F0A31942635500D20017 /* Supporting Files */,
			);
			path = ProductTests;
			sourceTree = "<group>";
		};
		46D4F0A31942635500D20017 /* Supporting Files */ = {
			isa = PBXGroup;
			children = (
				46D4F0A41942635500D20017 /* Info.plist */,
			);
			name = "Supporting Files";
			sourceTree = "<group>";
		};
		46E186F31943A1F100C75240 /* Vendors */ = {
			isa = PBXGroup;
			children = (
			);
			name = Vendors;
			sourceTree = "<group>";
		};
		46E186F91943F39C00C75240 /* Controllers */ = {
			isa = PBXGroup;
			children = (
				46D4F0941942635500D20017 /* ViewController.swift */,
			);
			name = Controllers;
			sourceTree = "<group>";
		};
		46E186FA1943F3C700C75240 /* Models */ = {
			isa = PBXGroup;
			children = (
				46E186FB1943F40600C75240 /* Constants.swift */,
				46E186FD1943F57100C75240 /* Questions.swift */,
				46F8B0151943FCED00FB5BE7 /* NavButton.swift */,
			);
			name = Models;
			sourceTree = "<group>";
		};
/* End PBXGroup section */

/* Begin PBXNativeTarget section */
		46D4F08C1942635500D20017 /* Product */ = {
			isa = PBXNativeTarget;
			buildConfigurationList = 46D4F0A91942635500D20017 /* Build configuration list for PBXNativeTarget "Product" */;
			buildPhases = (
				46D4F0891942635500D20017 /* Sources */,
				46D4F08A1942635500D20017 /* Frameworks */,
				46D4F08B1942635500D20017 /* Resources */,
			);
			buildRules = (
			);
			dependencies = (
			);
			name = Product;
			productName = Product;
			productReference = 46D4F08D1942635500D20017 /* Product.app */;
			productType = "com.apple.product-type.application";
		};
		46D4F09E1942635500D20017 /* ProductTests */ = {
			isa = PBXNativeTarget;
			buildConfigurationList = 46D4F0AC1942635500D20017 /* Build configuration list for PBXNativeTarget "ProductTests" */;
			buildPhases = (
				46D4F09B1942635500D20017 /* Sources */,
				46D4F09C1942635500D20017 /* Frameworks */,
				46D4F09D1942635500D20017 /* Resources */,
			);
			buildRules = (
			);
			dependencies = (
				46D4F0A11942635500D20017 /* PBXTargetDependency */,
			);
			name = ProductTests;
			productName = ProductTests;
			productReference = 46D4F09F1942635500D20017 /* ProductTests.xctest */;
			productType = "com.apple.product-type.bundle.unit-test";
		};
/* End PBXNativeTarget section */

/* Begin PBXProject section */
		46D4F0851942635500D20017 /* Project object */ = {
			isa = PBXProject;
			attributes = {
				LastUpgradeCheck = 0600;
				ORGANIZATIONNAME = "Brendan Lim";
				TargetAttributes = {
					46D4F08C1942635500D20017 = {
						CreatedOnToolsVersion = 6.0;
					};
					46D4F09E1942635500D20017 = {
						CreatedOnToolsVersion = 6.0;
						TestTargetID = 46D4F08C1942635500D20017;
					};
				};
			};
			buildConfigurationList = 46D4F0881942635500D20017 /* Build configuration list for PBXProject "Product" */;
			compatibilityVersion = "Xcode 3.2";
			developmentRegion = English;
			hasScannedForEncodings = 0;
			knownRegions = (
				en,
				Base,
			);
			mainGroup = 46D4F0841942635500D20017;
			productRefGroup = 46D4F08E1942635500D20017 /* Products */;
			projectDirPath = "";
			projectRoot = "";
			targets = (
				46D4F08C1942635500D20017 /* Product */,
				46D4F09E1942635500D20017 /* ProductTests */,
			);
		};
/* End PBXProject section */

/* Begin PBXResourcesBuildPhase section */
		46D4F08B1942635500D20017 /* Resources */ = {
			isa = PBXResourcesBuildPhase;
			buildActionMask = 2147483647;
			files = (
				466D34F4194288AD0015CEBF /* Questions.plist in Resources */,
				4656EEF819427C3600D544E2 /* star@2x.png in Resources */,
				4656EEF719427C3600D544E2 /* nav_logo@2x.png in Resources */,
				4656EEFC194281BF00D544E2 /* Futura-Medium.ttf in Resources */,
				46D4F0981942635500D20017 /* Main.storyboard in Resources */,
				46D4F09A1942635500D20017 /* Images.xcassets in Resources */,
			);
			runOnlyForDeploymentPostprocessing = 0;
		};
		46D4F09D1942635500D20017 /* Resources */ = {
			isa = PBXResourcesBuildPhase;
			buildActionMask = 2147483647;
			files = (
			);
			runOnlyForDeploymentPostprocessing = 0;
		};
/* End PBXResourcesBuildPhase section */

/* Begin PBXSourcesBuildPhase section */
		46D4F0891942635500D20017 /* Sources */ = {
			isa = PBXSourcesBuildPhase;
			buildActionMask = 2147483647;
			files = (
				463ED27119463B6F00256855 /* DraggableView.swift in Sources */,
				46D4F0951942635500D20017 /* ViewController.swift in Sources */,
				46D4F0931942635500D20017 /* AppDelegate.swift in Sources */,
				46E186FE1943F57100C75240 /* Questions.swift in Sources */,
				46E186FC1943F40600C75240 /* Constants.swift in Sources */,
				46F8B0161943FCED00FB5BE7 /* NavButton.swift in Sources */,
			);
			runOnlyForDeploymentPostprocessing = 0;
		};
		46D4F09B1942635500D20017 /* Sources */ = {
			isa = PBXSourcesBuildPhase;
			buildActionMask = 2147483647;
			files = (
				46D4F0A61942635500D20017 /* ProductTests.swift in Sources */,
			);
			runOnlyForDeploymentPostprocessing = 0;
		};
/* End PBXSourcesBuildPhase section */

/* Begin PBXTargetDependency section */
		46D4F0A11942635500D20017 /* PBXTargetDependency */ = {
			isa = PBXTargetDependency;
			target = 46D4F08C1942635500D20017 /* Product */;
			targetProxy = 46D4F0A01942635500D20017 /* PBXContainerItemProxy */;
		};
/* End PBXTargetDependency section */

/* Begin PBXVariantGroup section */
		46D4F0961942635500D20017 /* Main.storyboard */ = {
			isa = PBXVariantGroup;
			children = (
				46D4F0971942635500D20017 /* Base */,
			);
			name = Main.storyboard;
			sourceTree = "<group>";
		};
/* End PBXVariantGroup section */

/* Begin XCBuildConfiguration section */
		46D4F0A71942635500D20017 /* Debug */ = {
			isa = XCBuildConfiguration;
			buildSettings = {
				ALWAYS_SEARCH_USER_PATHS = NO;
				CLANG_CXX_LANGUAGE_STANDARD = "gnu++0x";
				CLANG_CXX_LIBRARY = "libc++";
				CLANG_ENABLE_MODULES = YES;
				CLANG_ENABLE_OBJC_ARC = YES;
				CLANG_WARN_BOOL_CONVERSION = YES;
				CLANG_WARN_CONSTANT_CONVERSION = YES;
				CLANG_WARN_DIRECT_OBJC_ISA_USAGE = YES_ERROR;
				CLANG_WARN_EMPTY_BODY = YES;
				CLANG_WARN_ENUM_CONVERSION = YES;
				CLANG_WARN_INT_CONVERSION = YES;
				CLANG_WARN_OBJC_ROOT_CLASS = YES_ERROR;
				CLANG_WARN_UNREACHABLE_CODE = YES;
				CLANG_WARN__DUPLICATE_METHOD_MATCH = YES;
				"CODE_SIGN_IDENTITY[sdk=iphoneos*]" = "iPhone Developer";
				COPY_PHASE_STRIP = NO;
				ENABLE_STRICT_OBJC_MSGSEND = YES;
				GCC_C_LANGUAGE_STANDARD = gnu99;
				GCC_DYNAMIC_NO_PIC = NO;
				GCC_OPTIMIZATION_LEVEL = 0;
				GCC_PREPROCESSOR_DEFINITIONS = (
					"DEBUG=1",
					"$(inherited)",
				);
				GCC_SYMBOLS_PRIVATE_EXTERN = NO;
				GCC_WARN_64_TO_32_BIT_CONVERSION = YES;
				GCC_WARN_ABOUT_RETURN_TYPE = YES_ERROR;
				GCC_WARN_UNDECLARED_SELECTOR = YES;
				GCC_WARN_UNINITIALIZED_AUTOS = YES_AGGRESSIVE;
				GCC_WARN_UNUSED_FUNCTION = YES;
				GCC_WARN_UNUSED_VARIABLE = YES;
				IPHONEOS_DEPLOYMENT_TARGET = 8.0;
				METAL_ENABLE_DEBUG_INFO = YES;
				ONLY_ACTIVE_ARCH = YES;
				SDKROOT = iphoneos;
				SWIFT_OPTIMIZATION_LEVEL = "-Onone";
			};
			name = Debug;
		};
		46D4F0A81942635500D20017 /* Release */ = {
			isa = XCBuildConfiguration;
			buildSettings = {
				ALWAYS_SEARCH_USER_PATHS = NO;
				CLANG_CXX_LANGUAGE_STANDARD = "gnu++0x";
				CLANG_CXX_LIBRARY = "libc++";
				CLANG_ENABLE_MODULES = YES;
				CLANG_ENABLE_OBJC_ARC = YES;
				CLANG_WARN_BOOL_CONVERSION = YES;
				CLANG_WARN_CONSTANT_CONVERSION = YES;
				CLANG_WARN_DIRECT_OBJC_ISA_USAGE = YES_ERROR;
				CLANG_WARN_EMPTY_BODY = YES;
				CLANG_WARN_ENUM_CONVERSION = YES;
				CLANG_WARN_INT_CONVERSION = YES;
				CLANG_WARN_OBJC_ROOT_CLASS = YES_ERROR;
				CLANG_WARN_UNREACHABLE_CODE = YES;
				CLANG_WARN__DUPLICATE_METHOD_MATCH = YES;
				"CODE_SIGN_IDENTITY[sdk=iphoneos*]" = "iPhone Developer";
				COPY_PHASE_STRIP = YES;
				ENABLE_NS_ASSERTIONS = NO;
				ENABLE_STRICT_OBJC_MSGSEND = YES;
				GCC_C_LANGUAGE_STANDARD = gnu99;
				GCC_WARN_64_TO_32_BIT_CONVERSION = YES;
				GCC_WARN_ABOUT_RETURN_TYPE = YES_ERROR;
				GCC_WARN_UNDECLARED_SELECTOR = YES;
				GCC_WARN_UNINITIALIZED_AUTOS = YES_AGGRESSIVE;
				GCC_WARN_UNUSED_FUNCTION = YES;
				GCC_WARN_UNUSED_VARIABLE = YES;
				IPHONEOS_DEPLOYMENT_TARGET = 8.0;
				METAL_ENABLE_DEBUG_INFO = NO;
				SDKROOT = iphoneos;
				VALIDATE_PRODUCT = YES;
			};
			name = Release;
		};
		46D4F0AA1942635500D20017 /* Debug */ = {
			isa = XCBuildConfiguration;
			buildSettings = {
				ASSETCATALOG_COMPILER_APPICON_NAME = AppIcon;
				ASSETCATALOG_COMPILER_LAUNCHIMAGE_NAME = LaunchImage;
				CLANG_ENABLE_MODULES = YES;
				INFOPLIST_FILE = Product/Info.plist;
				IPHONEOS_DEPLOYMENT_TARGET = 8.0;
				LD_RUNPATH_SEARCH_PATHS = "$(inherited) @executable_path/Frameworks";
				PRODUCT_NAME = "$(TARGET_NAME)";
				SWIFT_OBJC_BRIDGING_HEADER = "Product/Product-Bridging-Header.h";
				SWIFT_OPTIMIZATION_LEVEL = "-Onone";
			};
			name = Debug;
		};
		46D4F0AB1942635500D20017 /* Release */ = {
			isa = XCBuildConfiguration;
			buildSettings = {
				ASSETCATALOG_COMPILER_APPICON_NAME = AppIcon;
				ASSETCATALOG_COMPILER_LAUNCHIMAGE_NAME = LaunchImage;
				CLANG_ENABLE_MODULES = YES;
				INFOPLIST_FILE = Product/Info.plist;
				IPHONEOS_DEPLOYMENT_TARGET = 8.0;
				LD_RUNPATH_SEARCH_PATHS = "$(inherited) @executable_path/Frameworks";
				PRODUCT_NAME = "$(TARGET_NAME)";
				SWIFT_OBJC_BRIDGING_HEADER = "Product/Product-Bridging-Header.h";
			};
			name = Release;
		};
		46D4F0AD1942635500D20017 /* Debug */ = {
			isa = XCBuildConfiguration;
			buildSettings = {
				BUNDLE_LOADER = "$(BUILT_PRODUCTS_DIR)/Product.app/Product";
				FRAMEWORK_SEARCH_PATHS = (
					"$(SDKROOT)/Developer/Library/Frameworks",
					"$(inherited)",
				);
				GCC_PREPROCESSOR_DEFINITIONS = (
					"DEBUG=1",
					"$(inherited)",
				);
				INFOPLIST_FILE = ProductTests/Info.plist;
				LD_RUNPATH_SEARCH_PATHS = "$(inherited) @executable_path/Frameworks @loader_path/Frameworks";
				METAL_ENABLE_DEBUG_INFO = YES;
				PRODUCT_NAME = "$(TARGET_NAME)";
				TEST_HOST = "$(BUNDLE_LOADER)";
			};
			name = Debug;
		};
		46D4F0AE1942635500D20017 /* Release */ = {
			isa = XCBuildConfiguration;
			buildSettings = {
				BUNDLE_LOADER = "$(BUILT_PRODUCTS_DIR)/Product.app/Product";
				FRAMEWORK_SEARCH_PATHS = (
					"$(SDKROOT)/Developer/Library/Frameworks",
					"$(inherited)",
				);
				INFOPLIST_FILE = ProductTests/Info.plist;
				LD_RUNPATH_SEARCH_PATHS = "$(inherited) @executable_path/Frameworks @loader_path/Frameworks";
				METAL_ENABLE_DEBUG_INFO = NO;
				PRODUCT_NAME = "$(TARGET_NAME)";
				TEST_HOST = "$(BUNDLE_LOADER)";
			};
			name = Release;
		};
/* End XCBuildConfiguration section */

/* Begin XCConfigurationList section */
		46D4F0881942635500D20017 /* Build configuration list for PBXProject "Product" */ = {
			isa = XCConfigurationList;
			buildConfigurations = (
				46D4F0A71942635500D20017 /* Debug */,
				46D4F0A81942635500D20017 /* Release */,
			);
			defaultConfigurationIsVisible = 0;
			defaultConfigurationName = Release;
		};
		46D4F0A91942635500D20017 /* Build configuration list for PBXNativeTarget "Product" */ = {
			isa = XCConfigurationList;
			buildConfigurations = (
				46D4F0AA1942635500D20017 /* Debug */,
				46D4F0AB1942635500D20017 /* Release */,
			);
			defaultConfigurationIsVisible = 0;
			defaultConfigurationName = Release;
		};
		46D4F0AC1942635500D20017 /* Build configuration list for PBXNativeTarget "ProductTests" */ = {
			isa = XCConfigurationList;
			buildConfigurations = (
				46D4F0AD1942635500D20017 /* Debug */,
				46D4F0AE1942635500D20017 /* Release */,
			);
			defaultConfigurationIsVisible = 0;
			defaultConfigurationName = Release;
		};
/* End XCConfigurationList section */
	};
	rootObject = 46D4F0851942635500D20017 /* Project object */;
}
